
Microsoft Visual Studio Solution File, Format Version 12.00
# Visual Studio Version 17
VisualStudioVersion = 17.1.32210.238
MinimumVisualStudioVersion = 10.0.40219.1
Project("{FAE04EC0-301F-11D3-BF4B-00C04F79EFBC}") = "DOTNETCoreMVC_ADODOTNET", "DOTNETCoreMVC_ADODOTNET\DOTNETCoreMVC_ADODOTNET.csproj", "{63C52116-D496-4DBE-8FC0-FABD266B4C63}"
EndProject
Global
	GlobalSection(SolutionConfigurationPlatforms) = preSolution
		Debug|Any CPU = Debug|Any CPU
		Release|Any CPU = Release|Any CPU
	EndGlobalSection
	GlobalSection(ProjectConfigurationPlatforms) = postSolution
		{63C52116-D496-4DBE-8FC0-FABD266B4C63}.Debug|Any CPU.ActiveCfg = Debug|Any CPU
		{63C52116-D496-4DBE-8FC0-FABD266B4C63}.Debug|Any CPU.Build.0 = Debug|Any CPU
		{63C52116-D496-4DBE-8FC0-FABD266B4C63}.Release|Any CPU.ActiveCfg = Release|Any CPU
		{63C52116-D496-4DBE-8FC0-FABD266B4C63}.Release|Any CPU.Build.0 = Release|Any CPU
	EndGlobalSection
	GlobalSection(SolutionProperties) = preSolution
		HideSolutionNode = FALSE
	EndGlobalSection
	GlobalSection(ExtensibilityGlobals) = postSolution
		SolutionGuid = {AE217B23-7594-4A33-93CA-53B1687C97F4}
	EndGlobalSection
EndGlobal
