
Microsoft Visual Studio Solution File, Format Version 12.00
# Visual Studio Version 17
VisualStudioVersion = 17.1.32210.238
MinimumVisualStudioVersion = 10.0.40219.1
Project("{2150E333-8FDC-42A3-9474-1A3956D46DE8}") = "WebApp", "WebApp", "{23FE0F63-B837-441C-8DD9-02FAA400A369}"
EndProject
Project("{2150E333-8FDC-42A3-9474-1A3956D46DE8}") = "Common", "Common", "{07AAD77F-7F48-4097-98B7-FCC2E065BBC1}"
EndProject
Project("{2150E333-8FDC-42A3-9474-1A3956D46DE8}") = "Constant", "Constant", "{CF845467-E8E4-460D-B981-87DDE8C9210C}"
EndProject
Project("{2150E333-8FDC-42A3-9474-1A3956D46DE8}") = "Enum", "Enum", "{99754956-22A7-42E5-A588-8945D53587D2}"
EndProject
Project("{2150E333-8FDC-42A3-9474-1A3956D46DE8}") = "Libraries", "Libraries", "{31082701-A8F4-4C64-8F86-294CC71EF980}"
EndProject
Project("{2150E333-8FDC-42A3-9474-1A3956D46DE8}") = "Model", "Model", "{7F8DDFC1-CAC1-44DB-BB0F-48240ABE3DEF}"
EndProject
Project("{2150E333-8FDC-42A3-9474-1A3956D46DE8}") = "1_WebAPI", "1_WebAPI", "{AA2035E7-3BFA-41BF-B040-1B70C1E7F7C1}"
EndProject
Project("{2150E333-8FDC-42A3-9474-1A3956D46DE8}") = "2_Services", "2_Services", "{4C7BDDEE-D437-401F-B09B-3A515E38CE5C}"
EndProject
Project("{2150E333-8FDC-42A3-9474-1A3956D46DE8}") = "3_BusinessLogic", "3_BusinessLogic", "{04734F63-CED2-482B-90B1-D8AE526F16D3}"
EndProject
Project("{2150E333-8FDC-42A3-9474-1A3956D46DE8}") = "4_DataAccess", "4_DataAccess", "{5D65CAC1-57EC-464A-8D5F-EDD161DE3EA1}"
EndProject
Project("{FAE04EC0-301F-11D3-BF4B-00C04F79EFBC}") = "WebSolutionSelf.WebApp.1_WebAPI", "WebSolutionSelf.WebApp.1_WebAPI\WebSolutionSelf.WebApp.1_WebAPI.csproj", "{92091CFC-6E4B-4082-A826-33332815F021}"
EndProject
Project("{FAE04EC0-301F-11D3-BF4B-00C04F79EFBC}") = "WebSolutionSelf.WebApp.2_Services", "WebSolutionSelf.WebApp.2_Services\WebSolutionSelf.WebApp.2_Services.csproj", "{120569FF-953F-4577-BD2A-97D0AD63FEA7}"
EndProject
Project("{FAE04EC0-301F-11D3-BF4B-00C04F79EFBC}") = "WebSolutionSelf.WebApp.3_BusinessLogic", "WebSolutionSelf.WebApp.3_BusinessLogic\WebSolutionSelf.WebApp.3_BusinessLogic.csproj", "{598F75B5-944D-45A7-9BE6-789B34225BAB}"
EndProject
Project("{FAE04EC0-301F-11D3-BF4B-00C04F79EFBC}") = "WebSolutionSelf.WebApp.4_DataAccess", "WebSolutionSelf.WebApp.4_DataAccess\WebSolutionSelf.WebApp.4_DataAccess.csproj", "{621E8003-7FD1-4C65-ACD1-48CFFA2786A1}"
EndProject
Project("{FAE04EC0-301F-11D3-BF4B-00C04F79EFBC}") = "WebSolutionSelf.Common.Enum", "WebSolutionSelf.Common.Enum\WebSolutionSelf.Common.Enum.csproj", "{53BE04A9-C6E9-4A6C-B015-DFAC328C5684}"
EndProject
Project("{FAE04EC0-301F-11D3-BF4B-00C04F79EFBC}") = "WebSolutionSelf.Common.Model", "WebSolutionSelf.Common.Model\WebSolutionSelf.Common.Model.csproj", "{8E0B3F04-9586-4A2E-8F8E-0728C6723340}"
EndProject
Global
	GlobalSection(SolutionConfigurationPlatforms) = preSolution
		Debug|Any CPU = Debug|Any CPU
		Release|Any CPU = Release|Any CPU
	EndGlobalSection
	GlobalSection(ProjectConfigurationPlatforms) = postSolution
		{92091CFC-6E4B-4082-A826-33332815F021}.Debug|Any CPU.ActiveCfg = Debug|Any CPU
		{92091CFC-6E4B-4082-A826-33332815F021}.Debug|Any CPU.Build.0 = Debug|Any CPU
		{92091CFC-6E4B-4082-A826-33332815F021}.Release|Any CPU.ActiveCfg = Release|Any CPU
		{92091CFC-6E4B-4082-A826-33332815F021}.Release|Any CPU.Build.0 = Release|Any CPU
		{120569FF-953F-4577-BD2A-97D0AD63FEA7}.Debug|Any CPU.ActiveCfg = Debug|Any CPU
		{120569FF-953F-4577-BD2A-97D0AD63FEA7}.Debug|Any CPU.Build.0 = Debug|Any CPU
		{120569FF-953F-4577-BD2A-97D0AD63FEA7}.Release|Any CPU.ActiveCfg = Release|Any CPU
		{120569FF-953F-4577-BD2A-97D0AD63FEA7}.Release|Any CPU.Build.0 = Release|Any CPU
		{598F75B5-944D-45A7-9BE6-789B34225BAB}.Debug|Any CPU.ActiveCfg = Debug|Any CPU
		{598F75B5-944D-45A7-9BE6-789B34225BAB}.Debug|Any CPU.Build.0 = Debug|Any CPU
		{598F75B5-944D-45A7-9BE6-789B34225BAB}.Release|Any CPU.ActiveCfg = Release|Any CPU
		{598F75B5-944D-45A7-9BE6-789B34225BAB}.Release|Any CPU.Build.0 = Release|Any CPU
		{621E8003-7FD1-4C65-ACD1-48CFFA2786A1}.Debug|Any CPU.ActiveCfg = Debug|Any CPU
		{621E8003-7FD1-4C65-ACD1-48CFFA2786A1}.Debug|Any CPU.Build.0 = Debug|Any CPU
		{621E8003-7FD1-4C65-ACD1-48CFFA2786A1}.Release|Any CPU.ActiveCfg = Release|Any CPU
		{621E8003-7FD1-4C65-ACD1-48CFFA2786A1}.Release|Any CPU.Build.0 = Release|Any CPU
		{53BE04A9-C6E9-4A6C-B015-DFAC328C5684}.Debug|Any CPU.ActiveCfg = Debug|Any CPU
		{53BE04A9-C6E9-4A6C-B015-DFAC328C5684}.Debug|Any CPU.Build.0 = Debug|Any CPU
		{53BE04A9-C6E9-4A6C-B015-DFAC328C5684}.Release|Any CPU.ActiveCfg = Release|Any CPU
		{53BE04A9-C6E9-4A6C-B015-DFAC328C5684}.Release|Any CPU.Build.0 = Release|Any CPU
		{8E0B3F04-9586-4A2E-8F8E-0728C6723340}.Debug|Any CPU.ActiveCfg = Debug|Any CPU
		{8E0B3F04-9586-4A2E-8F8E-0728C6723340}.Debug|Any CPU.Build.0 = Debug|Any CPU
		{8E0B3F04-9586-4A2E-8F8E-0728C6723340}.Release|Any CPU.ActiveCfg = Release|Any CPU
		{8E0B3F04-9586-4A2E-8F8E-0728C6723340}.Release|Any CPU.Build.0 = Release|Any CPU
	EndGlobalSection
	GlobalSection(SolutionProperties) = preSolution
		HideSolutionNode = FALSE
	EndGlobalSection
	GlobalSection(NestedProjects) = preSolution
		{CF845467-E8E4-460D-B981-87DDE8C9210C} = {07AAD77F-7F48-4097-98B7-FCC2E065BBC1}
		{99754956-22A7-42E5-A588-8945D53587D2} = {07AAD77F-7F48-4097-98B7-FCC2E065BBC1}
		{31082701-A8F4-4C64-8F86-294CC71EF980} = {07AAD77F-7F48-4097-98B7-FCC2E065BBC1}
		{7F8DDFC1-CAC1-44DB-BB0F-48240ABE3DEF} = {07AAD77F-7F48-4097-98B7-FCC2E065BBC1}
		{AA2035E7-3BFA-41BF-B040-1B70C1E7F7C1} = {23FE0F63-B837-441C-8DD9-02FAA400A369}
		{4C7BDDEE-D437-401F-B09B-3A515E38CE5C} = {23FE0F63-B837-441C-8DD9-02FAA400A369}
		{04734F63-CED2-482B-90B1-D8AE526F16D3} = {23FE0F63-B837-441C-8DD9-02FAA400A369}
		{5D65CAC1-57EC-464A-8D5F-EDD161DE3EA1} = {23FE0F63-B837-441C-8DD9-02FAA400A369}
		{92091CFC-6E4B-4082-A826-33332815F021} = {AA2035E7-3BFA-41BF-B040-1B70C1E7F7C1}
		{120569FF-953F-4577-BD2A-97D0AD63FEA7} = {4C7BDDEE-D437-401F-B09B-3A515E38CE5C}
		{598F75B5-944D-45A7-9BE6-789B34225BAB} = {04734F63-CED2-482B-90B1-D8AE526F16D3}
		{621E8003-7FD1-4C65-ACD1-48CFFA2786A1} = {5D65CAC1-57EC-464A-8D5F-EDD161DE3EA1}
		{53BE04A9-C6E9-4A6C-B015-DFAC328C5684} = {99754956-22A7-42E5-A588-8945D53587D2}
		{8E0B3F04-9586-4A2E-8F8E-0728C6723340} = {7F8DDFC1-CAC1-44DB-BB0F-48240ABE3DEF}
	EndGlobalSection
	GlobalSection(ExtensibilityGlobals) = postSolution
		SolutionGuid = {AB7C87D4-91F1-4FE5-9296-37ECC4C6374E}
	EndGlobalSection
EndGlobal
